
Microsoft Visual Studio Solution File, Format Version 12.00
# Visual Studio Version 17
VisualStudioVersion = 17.8.34511.84
MinimumVisualStudioVersion = 10.0.40219.1
Project("{9A19103F-16F7-4668-BE54-9A1E7A4F7556}") = "BulkyWeb", "BulkyWeb\BulkyWeb.csproj", "{DA2FCB5A-C2DA-47CE-BECB-2241A8D30323}"
EndProject
Project("{9A19103F-16F7-4668-BE54-9A1E7A4F7556}") = "BulkyWebRazor_Temp", "BulkyWebRazor_Temp\BulkyWebRazor_Temp.csproj", "{EBEB47BA-396C-406C-AC10-51C6CD19AAE4}"
EndProject
Global
	GlobalSection(SolutionConfigurationPlatforms) = preSolution
		Debug|Any CPU = Debug|Any CPU
		Release|Any CPU = Release|Any CPU
	EndGlobalSection
	GlobalSection(ProjectConfigurationPlatforms) = postSolution
		{DA2FCB5A-C2DA-47CE-BECB-2241A8D30323}.Debug|Any CPU.ActiveCfg = Debug|Any CPU
		{DA2FCB5A-C2DA-47CE-BECB-2241A8D30323}.Debug|Any CPU.Build.0 = Debug|Any CPU
		{DA2FCB5A-C2DA-47CE-BECB-2241A8D30323}.Release|Any CPU.ActiveCfg = Release|Any CPU
		{DA2FCB5A-C2DA-47CE-BECB-2241A8D30323}.Release|Any CPU.Build.0 = Release|Any CPU
		{EBEB47BA-396C-406C-AC10-51C6CD19AAE4}.Debug|Any CPU.ActiveCfg = Debug|Any CPU
		{EBEB47BA-396C-406C-AC10-51C6CD19AAE4}.Debug|Any CPU.Build.0 = Debug|Any CPU
		{EBEB47BA-396C-406C-AC10-51C6CD19AAE4}.Release|Any CPU.ActiveCfg = Release|Any CPU
		{EBEB47BA-396C-406C-AC10-51C6CD19AAE4}.Release|Any CPU.Build.0 = Release|Any CPU
	EndGlobalSection
	GlobalSection(SolutionProperties) = preSolution
		HideSolutionNode = FALSE
	EndGlobalSection
	GlobalSection(ExtensibilityGlobals) = postSolution
		SolutionGuid = {96F070AB-E0CE-4476-A180-F1F7A07673EC}
	EndGlobalSection
EndGlobal
